// !$*UTF8*$!
{
	archiveVersion = 1;
	classes = {
	};
	objectVersion = 46;
	objects = {

/* Begin PBXBuildFile section */
		3B5EB41E1C6A84C800B21BCE /* ColorViewController.swift in Sources */ = {isa = PBXBuildFile; fileRef = 3B5EB41D1C6A84C800B21BCE /* ColorViewController.swift */; };
		3B5EB4201C6A865D00B21BCE /* MyCollectionViewCell.swift in Sources */ = {isa = PBXBuildFile; fileRef = 3B5EB41F1C6A865D00B21BCE /* MyCollectionViewCell.swift */; };
		3BD111EB1C60510300D3DB71 /* AppDelegate.swift in Sources */ = {isa = PBXBuildFile; fileRef = 3BD111EA1C60510300D3DB71 /* AppDelegate.swift */; };
		3BD111F01C60510300D3DB71 /* Main.storyboard in Resources */ = {isa = PBXBuildFile; fileRef = 3BD111EE1C60510300D3DB71 /* Main.storyboard */; };
		3BD111F21C60510300D3DB71 /* Assets.xcassets in Resources */ = {isa = PBXBuildFile; fileRef = 3BD111F11C60510300D3DB71 /* Assets.xcassets */; };
		3BD111F51C60510300D3DB71 /* LaunchScreen.storyboard in Resources */ = {isa = PBXBuildFile; fileRef = 3BD111F31C60510300D3DB71 /* LaunchScreen.storyboard */; };
		3BD112031C628A5900D3DB71 /* MoviesViewController.swift in Sources */ = {isa = PBXBuildFile; fileRef = 3BD112021C628A5900D3DB71 /* MoviesViewController.swift */; };
		3BD112061C62EA6900D3DB71 /* MovieCell.swift in Sources */ = {isa = PBXBuildFile; fileRef = 3BD112051C62EA6900D3DB71 /* MovieCell.swift */; };
		DBE3686D8E24613091FFEE9D /* Pods_Flicks.framework in Frameworks */ = {isa = PBXBuildFile; fileRef = D10612D23EC9D250045B5471 /* Pods_Flicks.framework */; };
/* End PBXBuildFile section */

/* Begin PBXFileReference section */
		3B5EB41D1C6A84C800B21BCE /* ColorViewController.swift */ = {isa = PBXFileReference; fileEncoding = 4; lastKnownFileType = sourcecode.swift; name = ColorViewController.swift; path = ../ColorViewController.swift; sourceTree = "<group>"; };
		3B5EB41F1C6A865D00B21BCE /* MyCollectionViewCell.swift */ = {isa = PBXFileReference; fileEncoding = 4; lastKnownFileType = sourcecode.swift; name = MyCollectionViewCell.swift; path = ../MyCollectionViewCell.swift; sourceTree = "<group>"; };
		3BD111E71C60510300D3DB71 /* Flicks.app */ = {isa = PBXFileReference; explicitFileType = wrapper.application; includeInIndex = 0; path = Flicks.app; sourceTree = BUILT_PRODUCTS_DIR; };
		3BD111EA1C60510300D3DB71 /* AppDelegate.swift */ = {isa = PBXFileReference; lastKnownFileType = sourcecode.swift; path = AppDelegate.swift; sourceTree = "<group>"; };
		3BD111EF1C60510300D3DB71 /* Base */ = {isa = PBXFileReference; lastKnownFileType = file.storyboard; name = Base; path = Base.lproj/Main.storyboard; sourceTree = "<group>"; };
		3BD111F11C60510300D3DB71 /* Assets.xcassets */ = {isa = PBXFileReference; lastKnownFileType = folder.assetcatalog; path = Assets.xcassets; sourceTree = "<group>"; };
		3BD111F41C60510300D3DB71 /* Base */ = {isa = PBXFileReference; lastKnownFileType = file.storyboard; name = Base; path = Base.lproj/LaunchScreen.storyboard; sourceTree = "<group>"; };
		3BD111F61C60510300D3DB71 /* Info.plist */ = {isa = PBXFileReference; lastKnownFileType = text.plist.xml; path = Info.plist; sourceTree = "<group>"; };
		3BD112021C628A5900D3DB71 /* MoviesViewController.swift */ = {isa = PBXFileReference; fileEncoding = 4; lastKnownFileType = sourcecode.swift; path = MoviesViewController.swift; sourceTree = "<group>"; };
		3BD112051C62EA6900D3DB71 /* MovieCell.swift */ = {isa = PBXFileReference; fileEncoding = 4; lastKnownFileType = sourcecode.swift; path = MovieCell.swift; sourceTree = "<group>"; };
		903A740D2CFDDEB0184B039D /* Pods-Flicks.debug.xcconfig */ = {isa = PBXFileReference; includeInIndex = 1; lastKnownFileType = text.xcconfig; name = "Pods-Flicks.debug.xcconfig"; path = "Pods/Target Support Files/Pods-Flicks/Pods-Flicks.debug.xcconfig"; sourceTree = "<group>"; };
		D10612D23EC9D250045B5471 /* Pods_Flicks.framework */ = {isa = PBXFileReference; explicitFileType = wrapper.framework; includeInIndex = 0; path = Pods_Flicks.framework; sourceTree = BUILT_PRODUCTS_DIR; };
		F1989CF2C31C688363A2CB8A /* Pods-Flicks.release.xcconfig */ = {isa = PBXFileReference; includeInIndex = 1; lastKnownFileType = text.xcconfig; name = "Pods-Flicks.release.xcconfig"; path = "Pods/Target Support Files/Pods-Flicks/Pods-Flicks.release.xcconfig"; sourceTree = "<group>"; };
/* End PBXFileReference section */

/* Begin PBXFrameworksBuildPhase section */
		3BD111E41C60510300D3DB71 /* Frameworks */ = {
			isa = PBXFrameworksBuildPhase;
			buildActionMask = 2147483647;
			files = (
				DBE3686D8E24613091FFEE9D /* Pods_Flicks.framework in Frameworks */,
			);
			runOnlyForDeploymentPostprocessing = 0;
		};
/* End PBXFrameworksBuildPhase section */

/* Begin PBXGroup section */
		2FB42582A9BD0F6AA3092AFE /* Pods */ = {
			isa = PBXGroup;
			children = (
				903A740D2CFDDEB0184B039D /* Pods-Flicks.debug.xcconfig */,
				F1989CF2C31C688363A2CB8A /* Pods-Flicks.release.xcconfig */,
			);
			name = Pods;
			sourceTree = "<group>";
		};
		3BD111DE1C60510300D3DB71 = {
			isa = PBXGroup;
			children = (
				3BD111E91C60510300D3DB71 /* Flicks */,
				3BD111E81C60510300D3DB71 /* Products */,
				2FB42582A9BD0F6AA3092AFE /* Pods */,
				A53FFF0E128404CFECDF2E90 /* Frameworks */,
			);
			sourceTree = "<group>";
		};
		3BD111E81C60510300D3DB71 /* Products */ = {
			isa = PBXGroup;
			children = (
				3BD111E71C60510300D3DB71 /* Flicks.app */,
			);
			name = Products;
			sourceTree = "<group>";
		};
		3BD111E91C60510300D3DB71 /* Flicks */ = {
			isa = PBXGroup;
			children = (
				3BD112071C62EA9D00D3DB71 /* View Controllers */,
				3BD112041C62EA1800D3DB71 /* Views */,
				3BD111EA1C60510300D3DB71 /* AppDelegate.swift */,
				3BD111EE1C60510300D3DB71 /* Main.storyboard */,
				3BD111F11C60510300D3DB71 /* Assets.xcassets */,
				3BD111F31C60510300D3DB71 /* LaunchScreen.storyboard */,
				3BD111F61C60510300D3DB71 /* Info.plist */,
			);
			path = Flicks;
			sourceTree = "<group>";
		};
		3BD112041C62EA1800D3DB71 /* Views */ = {
			isa = PBXGroup;
			children = (
				3B5EB41F1C6A865D00B21BCE /* MyCollectionViewCell.swift */,
				3BD112051C62EA6900D3DB71 /* MovieCell.swift */,
			);
			name = Views;
			sourceTree = "<group>";
		};
		3BD112071C62EA9D00D3DB71 /* View Controllers */ = {
			isa = PBXGroup;
			children = (
				3B5EB41D1C6A84C800B21BCE /* ColorViewController.swift */,
				3BD112021C628A5900D3DB71 /* MoviesViewController.swift */,
			);
			name = "View Controllers";
			sourceTree = "<group>";
		};
		A53FFF0E128404CFECDF2E90 /* Frameworks */ = {
			isa = PBXGroup;
			children = (
				D10612D23EC9D250045B5471 /* Pods_Flicks.framework */,
			);
			name = Frameworks;
			sourceTree = "<group>";
		};
/* End PBXGroup section */

/* Begin PBXNativeTarget section */
		3BD111E61C60510300D3DB71 /* Flicks */ = {
			isa = PBXNativeTarget;
			buildConfigurationList = 3BD111F91C60510300D3DB71 /* Build configuration list for PBXNativeTarget "Flicks" */;
			buildPhases = (
				0F01C25FC5A995AEC4C43070 /* Check Pods Manifest.lock */,
				3BD111E31C60510300D3DB71 /* Sources */,
				3BD111E41C60510300D3DB71 /* Frameworks */,
				3BD111E51C60510300D3DB71 /* Resources */,
				D1C064ADA7D71FF3F76DD8FE /* Embed Pods Frameworks */,
				70F3C92EEDC2506B0E435710 /* Copy Pods Resources */,
			);
			buildRules = (
			);
			dependencies = (
			);
			name = Flicks;
			productName = Flicks;
			productReference = 3BD111E71C60510300D3DB71 /* Flicks.app */;
			productType = "com.apple.product-type.application";
		};
/* End PBXNativeTarget section */

/* Begin PBXProject section */
		3BD111DF1C60510300D3DB71 /* Project object */ = {
			isa = PBXProject;
			attributes = {
				LastSwiftUpdateCheck = 0720;
				LastUpgradeCheck = 0720;
				ORGANIZATIONNAME = dong;
				TargetAttributes = {
					3BD111E61C60510300D3DB71 = {
						CreatedOnToolsVersion = 7.2;
						DevelopmentTeam = 872LGY9L56;
					};
				};
			};
			buildConfigurationList = 3BD111E21C60510300D3DB71 /* Build configuration list for PBXProject "Flicks" */;
			compatibilityVersion = "Xcode 3.2";
			developmentRegion = English;
			hasScannedForEncodings = 0;
			knownRegions = (
				en,
				Base,
			);
			mainGroup = 3BD111DE1C60510300D3DB71;
			productRefGroup = 3BD111E81C60510300D3DB71 /* Products */;
			projectDirPath = "";
			projectRoot = "";
			targets = (
				3BD111E61C60510300D3DB71 /* Flicks */,
			);
		};
/* End PBXProject section */

/* Begin PBXResourcesBuildPhase section */
		3BD111E51C60510300D3DB71 /* Resources */ = {
			isa = PBXResourcesBuildPhase;
			buildActionMask = 2147483647;
			files = (
				3BD111F51C60510300D3DB71 /* LaunchScreen.storyboard in Resources */,
				3BD111F21C60510300D3DB71 /* Assets.xcassets in Resources */,
				3BD111F01C60510300D3DB71 /* Main.storyboard in Resources */,
			);
			runOnlyForDeploymentPostprocessing = 0;
		};
/* End PBXResourcesBuildPhase section */

/* Begin PBXShellScriptBuildPhase section */
		0F01C25FC5A995AEC4C43070 /* Check Pods Manifest.lock */ = {
			isa = PBXShellScriptBuildPhase;
			buildActionMask = 2147483647;
			files = (
			);
			inputPaths = (
			);
			name = "Check Pods Manifest.lock";
			outputPaths = (
			);
			runOnlyForDeploymentPostprocessing = 0;
			shellPath = /bin/sh;
			shellScript = "diff \"${PODS_ROOT}/../Podfile.lock\" \"${PODS_ROOT}/Manifest.lock\" > /dev/null\nif [[ $? != 0 ]] ; then\n    cat << EOM\nerror: The sandbox is not in sync with the Podfile.lock. Run 'pod install' or update your CocoaPods installation.\nEOM\n    exit 1\nfi\n";
			showEnvVarsInLog = 0;
		};
		70F3C92EEDC2506B0E435710 /* Copy Pods Resources */ = {
			isa = PBXShellScriptBuildPhase;
			buildActionMask = 2147483647;
			files = (
			);
			inputPaths = (
			);
			name = "Copy Pods Resources";
			outputPaths = (
			);
			runOnlyForDeploymentPostprocessing = 0;
			shellPath = /bin/sh;
			shellScript = "\"${SRCROOT}/Pods/Target Support Files/Pods-Flicks/Pods-Flicks-resources.sh\"\n";
			showEnvVarsInLog = 0;
		};
		D1C064ADA7D71FF3F76DD8FE /* Embed Pods Frameworks */ = {
			isa = PBXShellScriptBuildPhase;
			buildActionMask = 2147483647;
			files = (
			);
			inputPaths = (
			);
			name = "Embed Pods Frameworks";
			outputPaths = (
			);
			runOnlyForDeploymentPostprocessing = 0;
			shellPath = /bin/sh;
			shellScript = "\"${SRCROOT}/Pods/Target Support Files/Pods-Flicks/Pods-Flicks-frameworks.sh\"\n";
			showEnvVarsInLog = 0;
		};
/* End PBXShellScriptBuildPhase section */

/* Begin PBXSourcesBuildPhase section */
		3BD111E31C60510300D3DB71 /* Sources */ = {
			isa = PBXSourcesBuildPhase;
			buildActionMask = 2147483647;
			files = (
				3BD111EB1C60510300D3DB71 /* AppDelegate.swift in Sources */,
				3B5EB4201C6A865D00B21BCE /* MyCollectionViewCell.swift in Sources */,
				3BD112031C628A5900D3DB71 /* MoviesViewController.swift in Sources */,
				3B5EB41E1C6A84C800B21BCE /* ColorViewController.swift in Sources */,
				3BD112061C62EA6900D3DB71 /* MovieCell.swift in Sources */,
			);
			runOnlyForDeploymentPostprocessing = 0;
		};
/* End PBXSourcesBuildPhase section */

/* Begin PBXVariantGroup section */
		3BD111EE1C60510300D3DB71 /* Main.storyboard */ = {
			isa = PBXVariantGroup;
			children = (
				3BD111EF1C60510300D3DB71 /* Base */,
			);
			name = Main.storyboard;
			sourceTree = "<group>";
		};
		3BD111F31C60510300D3DB71 /* LaunchScreen.storyboard */ = {
			isa = PBXVariantGroup;
			children = (
				3BD111F41C60510300D3DB71 /* Base */,
			);
			name = LaunchScreen.storyboard;
			sourceTree = "<group>";
		};
/* End PBXVariantGroup section */

/* Begin XCBuildConfiguration section */
		3BD111F71C60510300D3DB71 /* Debug */ = {
			isa = XCBuildConfiguration;
			buildSettings = {
				ALWAYS_SEARCH_USER_PATHS = NO;
				CLANG_CXX_LANGUAGE_STANDARD = "gnu++0x";
				CLANG_CXX_LIBRARY = "libc++";
				CLANG_ENABLE_MODULES = YES;
				CLANG_ENABLE_OBJC_ARC = YES;
				CLANG_WARN_BOOL_CONVERSION = YES;
				CLANG_WARN_CONSTANT_CONVERSION = YES;
				CLANG_WARN_DIRECT_OBJC_ISA_USAGE = YES_ERROR;
				CLANG_WARN_EMPTY_BODY = YES;
				CLANG_WARN_ENUM_CONVERSION = YES;
				CLANG_WARN_INT_CONVERSION = YES;
				CLANG_WARN_OBJC_ROOT_CLASS = YES_ERROR;
				CLANG_WARN_UNREACHABLE_CODE = YES;
				CLANG_WARN__DUPLICATE_METHOD_MATCH = YES;
				"CODE_SIGN_IDENTITY[sdk=iphoneos*]" = "iPhone Developer";
				COPY_PHASE_STRIP = NO;
				DEBUG_INFORMATION_FORMAT = dwarf;
				ENABLE_STRICT_OBJC_MSGSEND = YES;
				ENABLE_TESTABILITY = YES;
				GCC_C_LANGUAGE_STANDARD = gnu99;
				GCC_DYNAMIC_NO_PIC = NO;
				GCC_NO_COMMON_BLOCKS = YES;
				GCC_OPTIMIZATION_LEVEL = 0;
				GCC_PREPROCESSOR_DEFINITIONS = (
					"DEBUG=1",
					"$(inherited)",
				);
				GCC_WARN_64_TO_32_BIT_CONVERSION = YES;
				GCC_WARN_ABOUT_RETURN_TYPE = YES_ERROR;
				GCC_WARN_UNDECLARED_SELECTOR = YES;
				GCC_WARN_UNINITIALIZED_AUTOS = YES_AGGRESSIVE;
				GCC_WARN_UNUSED_FUNCTION = YES;
				GCC_WARN_UNUSED_VARIABLE = YES;
				IPHONEOS_DEPLOYMENT_TARGET = 9.2;
				MTL_ENABLE_DEBUG_INFO = YES;
				ONLY_ACTIVE_ARCH = YES;
				SDKROOT = iphoneos;
				SWIFT_OPTIMIZATION_LEVEL = "-Onone";
			};
			name = Debug;
		};
		3BD111F81C60510300D3DB71 /* Release */ = {
			isa = XCBuildConfiguration;
			buildSettings = {
				ALWAYS_SEARCH_USER_PATHS = NO;
				CLANG_CXX_LANGUAGE_STANDARD = "gnu++0x";
				CLANG_CXX_LIBRARY = "libc++";
				CLANG_ENABLE_MODULES = YES;
				CLANG_ENABLE_OBJC_ARC = YES;
				CLANG_WARN_BOOL_CONVERSION = YES;
				CLANG_WARN_CONSTANT_CONVERSION = YES;
				CLANG_WARN_DIRECT_OBJC_ISA_USAGE = YES_ERROR;
				CLANG_WARN_EMPTY_BODY = YES;
				CLANG_WARN_ENUM_CONVERSION = YES;
				CLANG_WARN_INT_CONVERSION = YES;
				CLANG_WARN_OBJC_ROOT_CLASS = YES_ERROR;
				CLANG_WARN_UNREACHABLE_CODE = YES;
				CLANG_WARN__DUPLICATE_METHOD_MATCH = YES;
				"CODE_SIGN_IDENTITY[sdk=iphoneos*]" = "iPhone Developer";
				COPY_PHASE_STRIP = NO;
				DEBUG_INFORMATION_FORMAT = "dwarf-with-dsym";
				ENABLE_NS_ASSERTIONS = NO;
				ENABLE_STRICT_OBJC_MSGSEND = YES;
				GCC_C_LANGUAGE_STANDARD = gnu99;
				GCC_NO_COMMON_BLOCKS = YES;
				GCC_WARN_64_TO_32_BIT_CONVERSION = YES;
				GCC_WARN_ABOUT_RETURN_TYPE = YES_ERROR;
				GCC_WARN_UNDECLARED_SELECTOR = YES;
				GCC_WARN_UNINITIALIZED_AUTOS = YES_AGGRESSIVE;
				GCC_WARN_UNUSED_FUNCTION = YES;
				GCC_WARN_UNUSED_VARIABLE = YES;
				IPHONEOS_DEPLOYMENT_TARGET = 9.2;
				MTL_ENABLE_DEBUG_INFO = NO;
				SDKROOT = iphoneos;
				VALIDATE_PRODUCT = YES;
			};
			name = Release;
		};
		3BD111FA1C60510300D3DB71 /* Debug */ = {
			isa = XCBuildConfiguration;
			baseConfigurationReference = 903A740D2CFDDEB0184B039D /* Pods-Flicks.debug.xcconfig */;
			buildSettings = {
				ASSETCATALOG_COMPILER_APPICON_NAME = AppIcon;
				INFOPLIST_FILE = Flicks/Info.plist;
				LD_RUNPATH_SEARCH_PATHS = "$(inherited) @executable_path/Frameworks";
				PRODUCT_BUNDLE_IDENTIFIER = com.dong.Flicks;
				PRODUCT_NAME = "$(TARGET_NAME)";
			};
			name = Debug;
		};
		3BD111FB1C60510300D3DB71 /* Release */ = {
			isa = XCBuildConfiguration;
			baseConfigurationReference = F1989CF2C31C688363A2CB8A /* Pods-Flicks.release.xcconfig */;
			buildSettings = {
				ASSETCATALOG_COMPILER_APPICON_NAME = AppIcon;
				INFOPLIST_FILE = Flicks/Info.plist;
				LD_RUNPATH_SEARCH_PATHS = "$(inherited) @executable_path/Frameworks";
				PRODUCT_BUNDLE_IDENTIFIER = com.dong.Flicks;
				PRODUCT_NAME = "$(TARGET_NAME)";
			};
			name = Release;
		};
/* End XCBuildConfiguration section */

/* Begin XCConfigurationList section */
		3BD111E21C60510300D3DB71 /* Build configuration list for PBXProject "Flicks" */ = {
			isa = XCConfigurationList;
			buildConfigurations = (
				3BD111F71C60510300D3DB71 /* Debug */,
				3BD111F81C60510300D3DB71 /* Release */,
			);
			defaultConfigurationIsVisible = 0;
			defaultConfigurationName = Release;
		};
		3BD111F91C60510300D3DB71 /* Build configuration list for PBXNativeTarget "Flicks" */ = {
			isa = XCConfigurationList;
			buildConfigurations = (
				3BD111FA1C60510300D3DB71 /* Debug */,
				3BD111FB1C60510300D3DB71 /* Release */,
			);
			defaultConfigurationIsVisible = 0;
			defaultConfigurationName = Release;
		};
/* End XCConfigurationList section */
	};
	rootObject = 3BD111DF1C60510300D3DB71 /* Project object */;
}
